
Microsoft Visual Studio Solution File, Format Version 12.00
# Visual Studio Version 16
VisualStudioVersion = 16.0.33801.447
MinimumVisualStudioVersion = 10.0.40219.1
Project("{FAE04EC0-301F-11D3-BF4B-00C04F79EFBC}") = "Branching", "Branching\Branching.csproj", "{2378594D-8AD6-4118-A1BB-D9B729737B7E}"
EndProject
Global
	GlobalSection(SolutionConfigurationPlatforms) = preSolution
		Debug|Any CPU = Debug|Any CPU
		Release|Any CPU = Release|Any CPU
	EndGlobalSection
	GlobalSection(ProjectConfigurationPlatforms) = postSolution
		{2378594D-8AD6-4118-A1BB-D9B729737B7E}.Debug|Any CPU.ActiveCfg = Debug|Any CPU
		{2378594D-8AD6-4118-A1BB-D9B729737B7E}.Debug|Any CPU.Build.0 = Debug|Any CPU
		{2378594D-8AD6-4118-A1BB-D9B729737B7E}.Release|Any CPU.ActiveCfg = Release|Any CPU
		{2378594D-8AD6-4118-A1BB-D9B729737B7E}.Release|Any CPU.Build.0 = Release|Any CPU
	EndGlobalSection
	GlobalSection(SolutionProperties) = preSolution
		HideSolutionNode = FALSE
	EndGlobalSection
	GlobalSection(ExtensibilityGlobals) = postSolution
		SolutionGuid = {A2C3A20E-5476-4D36-8363-58FBF81AE413}
	EndGlobalSection
EndGlobal
